{
  "version": 4,
  "terraform_version": "1.7.5",
  "serial": 12,
  "lineage": "f709917d-420e-0b91-238c-2149ba553c6a",
  "outputs": {},
  "resources": [
    {
      "mode": "managed",
      "type": "local_file",
      "name": "pet",
      "provider": "provider[\"registry.terraform.io/hashicorp/local\"]",
      "instances": [
        {
          "schema_version": 0,
          "attributes": {
            "content": "I HATE PETS",
            "content_base64": null,
            "content_base64sha256": "7vjJ95+4n1NCUQg6/2ait61UnKnzCYckV6uxTkm42rE=",
            "content_base64sha512": "0+3wJ72bQKfSp3X8k7M6NJQX5i2qKNVvA42jf6KU5LV08iqeKuOsV71RluF9PwaqoNTwQSfM4hcLmUM7U8ONlg==",
            "content_md5": "b6b82aea76bc3a3645f79bc0bee547fa",
            "content_sha1": "beae6d38b3cd1b1152f4e0db67870efb5b4ebd78",
            "content_sha256": "eef8c9f79fb89f534251083aff66a2b7ad549ca9f309872457abb14e49b8dab1",
            "content_sha512": "d3edf027bd9b40a7d2a775fc93b33a349417e62daa28d56f038da37fa294e4b574f22a9e2ae3ac57bd5196e17d3f06aaa0d4f04127cce2170b99433b53c38d96",
            "directory_permission": "0777",
            "file_permission": "0777",
            "filename": "basic template.txt",
            "id": "beae6d38b3cd1b1152f4e0db67870efb5b4ebd78",
            "sensitive_content": null,
            "source": null
          },
          "sensitive_attributes": []
        }
      ]
    }
  ],
  "check_results": null
}
